
Microsoft Visual Studio Solution File, Format Version 12.00
# Visual Studio Version 16
VisualStudioVersion = 16.0.32228.343
MinimumVisualStudioVersion = 10.0.40219.1
Project("{FAE04EC0-301F-11D3-BF4B-00C04F79EFBC}") = "Aplicación Gestión Club", "Aplicación Gestión Club.csproj", "{A2C2AE4A-DF31-4C1F-B8D1-3131BF4DDA9D}"
EndProject
Global
	GlobalSection(SolutionConfigurationPlatforms) = preSolution
		Debug|Any CPU = Debug|Any CPU
		Release|Any CPU = Release|Any CPU
	EndGlobalSection
	GlobalSection(ProjectConfigurationPlatforms) = postSolution
		{A2C2AE4A-DF31-4C1F-B8D1-3131BF4DDA9D}.Debug|Any CPU.ActiveCfg = Debug|Any CPU
		{A2C2AE4A-DF31-4C1F-B8D1-3131BF4DDA9D}.Debug|Any CPU.Build.0 = Debug|Any CPU
		{A2C2AE4A-DF31-4C1F-B8D1-3131BF4DDA9D}.Release|Any CPU.ActiveCfg = Release|Any CPU
		{A2C2AE4A-DF31-4C1F-B8D1-3131BF4DDA9D}.Release|Any CPU.Build.0 = Release|Any CPU
	EndGlobalSection
	GlobalSection(SolutionProperties) = preSolution
		HideSolutionNode = FALSE
	EndGlobalSection
	GlobalSection(ExtensibilityGlobals) = postSolution
		SolutionGuid = {C55F80CC-FFF8-4E41-B15B-578E9DD7FDFC}
	EndGlobalSection
EndGlobal
